
Microsoft Visual Studio Solution File, Format Version 12.00
# Visual Studio 14
VisualStudioVersion = 14.0.25420.1
MinimumVisualStudioVersion = 10.0.40219.1
Project("{2150E333-8FDC-42A3-9474-1A3956D46DE8}") = "Software", "Software", "{036FE075-AF05-4CEF-A811-A485DB49F7E8}"
EndProject
Project("{FAE04EC0-301F-11D3-BF4B-00C04F79EFBC}") = "ShopMenu", "Software\ShopMenu\ShopMenu\ShopMenu.csproj", "{C7B2FC46-95E0-46FC-BDED-AADB6D2F0D8F}"
EndProject
Project("{FAE04EC0-301F-11D3-BF4B-00C04F79EFBC}") = "WaterMarkAPP", "Software\WaterMarkAPP\WaterMarkAPP\WaterMarkAPP.csproj", "{6681AAFB-30FB-4FD4-9BF1-1D541144BA58}"
EndProject
Project("{FAE04EC0-301F-11D3-BF4B-00C04F79EFBC}") = "ReadBigFile", "Software\ReadBigFile\ReadBigFile\ReadBigFile.csproj", "{7F8B6825-978C-49D5-B2CD-39571E4E69A0}"
EndProject
Project("{2150E333-8FDC-42A3-9474-1A3956D46DE8}") = "WebAPP", "WebAPP", "{DFA71889-8878-4726-8909-BFFC1F478C48}"
EndProject
Project("{FAE04EC0-301F-11D3-BF4B-00C04F79EFBC}") = "DNTLive", "WebAPP\WebApi\DNTLive\DNTLive.csproj", "{34629B2C-123E-44AA-BBC6-F8F3266623FB}"
EndProject
Project("{2150E333-8FDC-42A3-9474-1A3956D46DE8}") = "WebApi", "WebApi", "{5C6E312C-C797-465F-AFF2-B03751F8A211}"
EndProject
Project("{FAE04EC0-301F-11D3-BF4B-00C04F79EFBC}") = "WhatLength", "Software\WhatLength\WhatLength.csproj", "{7EA58211-5FE7-4D08-98CD-B31A7B90418E}"
EndProject
Project("{FAE04EC0-301F-11D3-BF4B-00C04F79EFBC}") = "LoTTimer", "Software\LoTTimer\LoTTimer.csproj", "{DEA1AB19-6435-4D43-921F-61203F7414CD}"
EndProject
Project("{FAE04EC0-301F-11D3-BF4B-00C04F79EFBC}") = "HackerDic", "Software\HackerDic\HackerDic.csproj", "{8B733D52-9BA6-4705-AE1E-DEBE01EA213F}"
EndProject
Project("{FAE04EC0-301F-11D3-BF4B-00C04F79EFBC}") = "Clipboard", "Software\Clipboard\Clipboard.csproj", "{E62A7269-FDCD-4A6A-8936-2DAC8526C1EB}"
EndProject
Project("{2150E333-8FDC-42A3-9474-1A3956D46DE8}") = "WaterMarkSoftware", "WaterMarkSoftware", "{72FE3F80-7C89-4111-A071-1C987D5B2291}"
EndProject
Project("{FAE04EC0-301F-11D3-BF4B-00C04F79EFBC}") = "WaterMarkExpress", "Software\WaterMarkAPP\WaterMarkExpress\WaterMarkExpress.csproj", "{CA1F007E-30E6-41E4-9F4B-A73FD7853107}"
EndProject
Project("{FAE04EC0-301F-11D3-BF4B-00C04F79EFBC}") = "WaterWaterWaterMark", "Software\WaterMarkAPP\WaterWaterWaterMark\WaterWaterWaterMark.csproj", "{C99C8844-A7C4-483C-8DDD-7F6028F5F39C}"
EndProject
Project("{FAE04EC0-301F-11D3-BF4B-00C04F79EFBC}") = "LoTWaterAPP", "Software\WaterMarkAPP\LoTWaterAPP\LoTWaterAPP.csproj", "{071F25EF-0676-453F-82A4-D816CCEC0088}"
EndProject
Project("{FAE04EC0-301F-11D3-BF4B-00C04F79EFBC}") = "ExprotData", "Software\ExprotData\ExprotData.csproj", "{DF4CC1CC-74FA-43A7-93B5-2DD01484702A}"
EndProject
Global
	GlobalSection(SolutionConfigurationPlatforms) = preSolution
		Debug|Any CPU = Debug|Any CPU
		Release|Any CPU = Release|Any CPU
	EndGlobalSection
	GlobalSection(ProjectConfigurationPlatforms) = postSolution
		{C7B2FC46-95E0-46FC-BDED-AADB6D2F0D8F}.Debug|Any CPU.ActiveCfg = Debug|Any CPU
		{C7B2FC46-95E0-46FC-BDED-AADB6D2F0D8F}.Debug|Any CPU.Build.0 = Debug|Any CPU
		{C7B2FC46-95E0-46FC-BDED-AADB6D2F0D8F}.Release|Any CPU.ActiveCfg = Release|Any CPU
		{C7B2FC46-95E0-46FC-BDED-AADB6D2F0D8F}.Release|Any CPU.Build.0 = Release|Any CPU
		{6681AAFB-30FB-4FD4-9BF1-1D541144BA58}.Debug|Any CPU.ActiveCfg = Debug|Any CPU
		{6681AAFB-30FB-4FD4-9BF1-1D541144BA58}.Debug|Any CPU.Build.0 = Debug|Any CPU
		{6681AAFB-30FB-4FD4-9BF1-1D541144BA58}.Release|Any CPU.ActiveCfg = Release|Any CPU
		{6681AAFB-30FB-4FD4-9BF1-1D541144BA58}.Release|Any CPU.Build.0 = Release|Any CPU
		{7F8B6825-978C-49D5-B2CD-39571E4E69A0}.Debug|Any CPU.ActiveCfg = Debug|Any CPU
		{7F8B6825-978C-49D5-B2CD-39571E4E69A0}.Debug|Any CPU.Build.0 = Debug|Any CPU
		{7F8B6825-978C-49D5-B2CD-39571E4E69A0}.Release|Any CPU.ActiveCfg = Release|Any CPU
		{7F8B6825-978C-49D5-B2CD-39571E4E69A0}.Release|Any CPU.Build.0 = Release|Any CPU
		{34629B2C-123E-44AA-BBC6-F8F3266623FB}.Debug|Any CPU.ActiveCfg = Debug|Any CPU
		{34629B2C-123E-44AA-BBC6-F8F3266623FB}.Debug|Any CPU.Build.0 = Debug|Any CPU
		{34629B2C-123E-44AA-BBC6-F8F3266623FB}.Release|Any CPU.ActiveCfg = Release|Any CPU
		{34629B2C-123E-44AA-BBC6-F8F3266623FB}.Release|Any CPU.Build.0 = Release|Any CPU
		{7EA58211-5FE7-4D08-98CD-B31A7B90418E}.Debug|Any CPU.ActiveCfg = Debug|Any CPU
		{7EA58211-5FE7-4D08-98CD-B31A7B90418E}.Debug|Any CPU.Build.0 = Debug|Any CPU
		{7EA58211-5FE7-4D08-98CD-B31A7B90418E}.Release|Any CPU.ActiveCfg = Release|Any CPU
		{7EA58211-5FE7-4D08-98CD-B31A7B90418E}.Release|Any CPU.Build.0 = Release|Any CPU
		{DEA1AB19-6435-4D43-921F-61203F7414CD}.Debug|Any CPU.ActiveCfg = Debug|Any CPU
		{DEA1AB19-6435-4D43-921F-61203F7414CD}.Debug|Any CPU.Build.0 = Debug|Any CPU
		{DEA1AB19-6435-4D43-921F-61203F7414CD}.Release|Any CPU.ActiveCfg = Release|Any CPU
		{DEA1AB19-6435-4D43-921F-61203F7414CD}.Release|Any CPU.Build.0 = Release|Any CPU
		{8B733D52-9BA6-4705-AE1E-DEBE01EA213F}.Debug|Any CPU.ActiveCfg = Debug|Any CPU
		{8B733D52-9BA6-4705-AE1E-DEBE01EA213F}.Debug|Any CPU.Build.0 = Debug|Any CPU
		{8B733D52-9BA6-4705-AE1E-DEBE01EA213F}.Release|Any CPU.ActiveCfg = Release|Any CPU
		{8B733D52-9BA6-4705-AE1E-DEBE01EA213F}.Release|Any CPU.Build.0 = Release|Any CPU
		{E62A7269-FDCD-4A6A-8936-2DAC8526C1EB}.Debug|Any CPU.ActiveCfg = Debug|Any CPU
		{E62A7269-FDCD-4A6A-8936-2DAC8526C1EB}.Debug|Any CPU.Build.0 = Debug|Any CPU
		{E62A7269-FDCD-4A6A-8936-2DAC8526C1EB}.Release|Any CPU.ActiveCfg = Release|Any CPU
		{E62A7269-FDCD-4A6A-8936-2DAC8526C1EB}.Release|Any CPU.Build.0 = Release|Any CPU
		{CA1F007E-30E6-41E4-9F4B-A73FD7853107}.Debug|Any CPU.ActiveCfg = Debug|Any CPU
		{CA1F007E-30E6-41E4-9F4B-A73FD7853107}.Debug|Any CPU.Build.0 = Debug|Any CPU
		{CA1F007E-30E6-41E4-9F4B-A73FD7853107}.Release|Any CPU.ActiveCfg = Release|Any CPU
		{CA1F007E-30E6-41E4-9F4B-A73FD7853107}.Release|Any CPU.Build.0 = Release|Any CPU
		{C99C8844-A7C4-483C-8DDD-7F6028F5F39C}.Debug|Any CPU.ActiveCfg = Debug|Any CPU
		{C99C8844-A7C4-483C-8DDD-7F6028F5F39C}.Debug|Any CPU.Build.0 = Debug|Any CPU
		{C99C8844-A7C4-483C-8DDD-7F6028F5F39C}.Release|Any CPU.ActiveCfg = Release|Any CPU
		{C99C8844-A7C4-483C-8DDD-7F6028F5F39C}.Release|Any CPU.Build.0 = Release|Any CPU
		{071F25EF-0676-453F-82A4-D816CCEC0088}.Debug|Any CPU.ActiveCfg = Debug|Any CPU
		{071F25EF-0676-453F-82A4-D816CCEC0088}.Debug|Any CPU.Build.0 = Debug|Any CPU
		{071F25EF-0676-453F-82A4-D816CCEC0088}.Release|Any CPU.ActiveCfg = Release|Any CPU
		{071F25EF-0676-453F-82A4-D816CCEC0088}.Release|Any CPU.Build.0 = Release|Any CPU
		{DF4CC1CC-74FA-43A7-93B5-2DD01484702A}.Debug|Any CPU.ActiveCfg = Debug|Any CPU
		{DF4CC1CC-74FA-43A7-93B5-2DD01484702A}.Debug|Any CPU.Build.0 = Debug|Any CPU
		{DF4CC1CC-74FA-43A7-93B5-2DD01484702A}.Release|Any CPU.ActiveCfg = Release|Any CPU
		{DF4CC1CC-74FA-43A7-93B5-2DD01484702A}.Release|Any CPU.Build.0 = Release|Any CPU
	EndGlobalSection
	GlobalSection(SolutionProperties) = preSolution
		HideSolutionNode = FALSE
	EndGlobalSection
	GlobalSection(NestedProjects) = preSolution
		{C7B2FC46-95E0-46FC-BDED-AADB6D2F0D8F} = {036FE075-AF05-4CEF-A811-A485DB49F7E8}
		{6681AAFB-30FB-4FD4-9BF1-1D541144BA58} = {72FE3F80-7C89-4111-A071-1C987D5B2291}
		{7F8B6825-978C-49D5-B2CD-39571E4E69A0} = {036FE075-AF05-4CEF-A811-A485DB49F7E8}
		{34629B2C-123E-44AA-BBC6-F8F3266623FB} = {5C6E312C-C797-465F-AFF2-B03751F8A211}
		{5C6E312C-C797-465F-AFF2-B03751F8A211} = {DFA71889-8878-4726-8909-BFFC1F478C48}
		{7EA58211-5FE7-4D08-98CD-B31A7B90418E} = {036FE075-AF05-4CEF-A811-A485DB49F7E8}
		{DEA1AB19-6435-4D43-921F-61203F7414CD} = {036FE075-AF05-4CEF-A811-A485DB49F7E8}
		{8B733D52-9BA6-4705-AE1E-DEBE01EA213F} = {036FE075-AF05-4CEF-A811-A485DB49F7E8}
		{E62A7269-FDCD-4A6A-8936-2DAC8526C1EB} = {036FE075-AF05-4CEF-A811-A485DB49F7E8}
		{72FE3F80-7C89-4111-A071-1C987D5B2291} = {036FE075-AF05-4CEF-A811-A485DB49F7E8}
		{CA1F007E-30E6-41E4-9F4B-A73FD7853107} = {72FE3F80-7C89-4111-A071-1C987D5B2291}
		{C99C8844-A7C4-483C-8DDD-7F6028F5F39C} = {72FE3F80-7C89-4111-A071-1C987D5B2291}
		{071F25EF-0676-453F-82A4-D816CCEC0088} = {72FE3F80-7C89-4111-A071-1C987D5B2291}
		{DF4CC1CC-74FA-43A7-93B5-2DD01484702A} = {036FE075-AF05-4CEF-A811-A485DB49F7E8}
	EndGlobalSection
EndGlobal
